
Microsoft Visual Studio Solution File, Format Version 12.00
# Visual Studio Version 17
VisualStudioVersion = 17.11.35312.102
MinimumVisualStudioVersion = 10.0.40219.1
Project("{FAE04EC0-301F-11D3-BF4B-00C04F79EFBC}") = "VpnQuickControl", "VpnQuickControl\VpnQuickControl.csproj", "{D374C645-DF27-4A72-865E-4CBDA9E61AA7}"
EndProject
Global
	GlobalSection(SolutionConfigurationPlatforms) = preSolution
		Debug|Any CPU = Debug|Any CPU
		Release|Any CPU = Release|Any CPU
	EndGlobalSection
	GlobalSection(ProjectConfigurationPlatforms) = postSolution
		{D374C645-DF27-4A72-865E-4CBDA9E61AA7}.Debug|Any CPU.ActiveCfg = Debug|Any CPU
		{D374C645-DF27-4A72-865E-4CBDA9E61AA7}.Debug|Any CPU.Build.0 = Debug|Any CPU
		{D374C645-DF27-4A72-865E-4CBDA9E61AA7}.Release|Any CPU.ActiveCfg = Release|Any CPU
		{D374C645-DF27-4A72-865E-4CBDA9E61AA7}.Release|Any CPU.Build.0 = Release|Any CPU
	EndGlobalSection
	GlobalSection(SolutionProperties) = preSolution
		HideSolutionNode = FALSE
	EndGlobalSection
	GlobalSection(ExtensibilityGlobals) = postSolution
		SolutionGuid = {A4C64750-1EBE-4605-A852-40840666B92B}
	EndGlobalSection
EndGlobal
